// !$*UTF8*$!
{
	archiveVersion = 1;
	classes = {
	};
	objectVersion = 51;
	objects = {

/* Begin PBXBuildFile section */
		457CF9B12647E092002AF540 /* Pods_SIS.framework in Frameworks */ = {isa = PBXBuildFile; fileRef = F74A00FB49168604E6C12FE9 /* Pods_SIS.framework */; };
		457CF9B22647E092002AF540 /* Pods_SIS.framework in Embed Frameworks */ = {isa = PBXBuildFile; fileRef = F74A00FB49168604E6C12FE9 /* Pods_SIS.framework */; settings = {ATTRIBUTES = (CodeSignOnCopy, RemoveHeadersOnCopy, ); }; };
		457CF9B52647E3D7002AF540 /* GoogleService-Info.plist in Resources */ = {isa = PBXBuildFile; fileRef = 457CF9B42647E3D7002AF540 /* GoogleService-Info.plist */; };
		458DB86926359EB700AE2AA2 /* AppDelegate.swift in Sources */ = {isa = PBXBuildFile; fileRef = 458DB86826359EB700AE2AA2 /* AppDelegate.swift */; };
		458DB86B26359EB700AE2AA2 /* SceneDelegate.swift in Sources */ = {isa = PBXBuildFile; fileRef = 458DB86A26359EB700AE2AA2 /* SceneDelegate.swift */; };
		458DB86D26359EB700AE2AA2 /* ViewController.swift in Sources */ = {isa = PBXBuildFile; fileRef = 458DB86C26359EB700AE2AA2 /* ViewController.swift */; };
		458DB87026359EB700AE2AA2 /* Main.storyboard in Resources */ = {isa = PBXBuildFile; fileRef = 458DB86E26359EB700AE2AA2 /* Main.storyboard */; };
		458DB87226359EBA00AE2AA2 /* Assets.xcassets in Resources */ = {isa = PBXBuildFile; fileRef = 458DB87126359EBA00AE2AA2 /* Assets.xcassets */; };
		458DB87526359EBA00AE2AA2 /* LaunchScreen.storyboard in Resources */ = {isa = PBXBuildFile; fileRef = 458DB87326359EBA00AE2AA2 /* LaunchScreen.storyboard */; };
		458DB89926359F8000AE2AA2 /* GeneratorViewController.swift in Sources */ = {isa = PBXBuildFile; fileRef = 458DB89826359F8000AE2AA2 /* GeneratorViewController.swift */; };
/* End PBXBuildFile section */

/* Begin PBXCopyFilesBuildPhase section */
		457CF9B32647E092002AF540 /* Embed Frameworks */ = {
			isa = PBXCopyFilesBuildPhase;
			buildActionMask = 2147483647;
			dstPath = "";
			dstSubfolderSpec = 10;
			files = (
				457CF9B22647E092002AF540 /* Pods_SIS.framework in Embed Frameworks */,
			);
			name = "Embed Frameworks";
			runOnlyForDeploymentPostprocessing = 0;
		};
/* End PBXCopyFilesBuildPhase section */

/* Begin PBXFileReference section */
		457CF9B42647E3D7002AF540 /* GoogleService-Info.plist */ = {isa = PBXFileReference; fileEncoding = 4; lastKnownFileType = text.plist.xml; path = "GoogleService-Info.plist"; sourceTree = "<group>"; };
		458DB86526359EB700AE2AA2 /* SIS.app */ = {isa = PBXFileReference; explicitFileType = wrapper.application; includeInIndex = 0; path = SIS.app; sourceTree = BUILT_PRODUCTS_DIR; };
		458DB86826359EB700AE2AA2 /* AppDelegate.swift */ = {isa = PBXFileReference; lastKnownFileType = sourcecode.swift; path = AppDelegate.swift; sourceTree = "<group>"; };
		458DB86A26359EB700AE2AA2 /* SceneDelegate.swift */ = {isa = PBXFileReference; lastKnownFileType = sourcecode.swift; path = SceneDelegate.swift; sourceTree = "<group>"; };
		458DB86C26359EB700AE2AA2 /* ViewController.swift */ = {isa = PBXFileReference; lastKnownFileType = sourcecode.swift; path = ViewController.swift; sourceTree = "<group>"; };
		458DB86F26359EB700AE2AA2 /* Base */ = {isa = PBXFileReference; lastKnownFileType = file.storyboard; name = Base; path = Base.lproj/Main.storyboard; sourceTree = "<group>"; };
		458DB87126359EBA00AE2AA2 /* Assets.xcassets */ = {isa = PBXFileReference; lastKnownFileType = folder.assetcatalog; path = Assets.xcassets; sourceTree = "<group>"; };
		458DB87426359EBA00AE2AA2 /* Base */ = {isa = PBXFileReference; lastKnownFileType = file.storyboard; name = Base; path = Base.lproj/LaunchScreen.storyboard; sourceTree = "<group>"; };
		458DB87626359EBA00AE2AA2 /* Info.plist */ = {isa = PBXFileReference; lastKnownFileType = text.plist.xml; path = Info.plist; sourceTree = "<group>"; };
		458DB89826359F8000AE2AA2 /* GeneratorViewController.swift */ = {isa = PBXFileReference; fileEncoding = 4; lastKnownFileType = sourcecode.swift; path = GeneratorViewController.swift; sourceTree = "<group>"; };
		E17F1B934AB3034FA3CCA0F5 /* Pods-SIS.debug.xcconfig */ = {isa = PBXFileReference; includeInIndex = 1; lastKnownFileType = text.xcconfig; name = "Pods-SIS.debug.xcconfig"; path = "Target Support Files/Pods-SIS/Pods-SIS.debug.xcconfig"; sourceTree = "<group>"; };
		EF64AE05E6D48715BF9BBBCA /* Pods-SIS.release.xcconfig */ = {isa = PBXFileReference; includeInIndex = 1; lastKnownFileType = text.xcconfig; name = "Pods-SIS.release.xcconfig"; path = "Target Support Files/Pods-SIS/Pods-SIS.release.xcconfig"; sourceTree = "<group>"; };
		F74A00FB49168604E6C12FE9 /* Pods_SIS.framework */ = {isa = PBXFileReference; explicitFileType = wrapper.framework; includeInIndex = 0; path = Pods_SIS.framework; sourceTree = BUILT_PRODUCTS_DIR; };
/* End PBXFileReference section */

/* Begin PBXFrameworksBuildPhase section */
		458DB86226359EB700AE2AA2 /* Frameworks */ = {
			isa = PBXFrameworksBuildPhase;
			buildActionMask = 2147483647;
			files = (
				457CF9B12647E092002AF540 /* Pods_SIS.framework in Frameworks */,
			);
			runOnlyForDeploymentPostprocessing = 0;
		};
/* End PBXFrameworksBuildPhase section */

/* Begin PBXGroup section */
		458DB85C26359EB700AE2AA2 = {
			isa = PBXGroup;
			children = (
				458DB86626359EB700AE2AA2 /* Products */,
				458DB86726359EB700AE2AA2 /* SIS_preFinal1 */,
				88A67E60630B4F346F423D3D /* Pods */,
				DB4D9CCDB24B712D71DDE46C /* Frameworks */,
			);
			sourceTree = "<group>";
		};
		458DB86626359EB700AE2AA2 /* Products */ = {
			isa = PBXGroup;
			children = (
				458DB86526359EB700AE2AA2 /* SIS.app */,
			);
			name = Products;
			sourceTree = "<group>";
		};
		458DB86726359EB700AE2AA2 /* SIS_preFinal1 */ = {
			isa = PBXGroup;
			children = (
				458DB86826359EB700AE2AA2 /* AppDelegate.swift */,
				458DB86A26359EB700AE2AA2 /* SceneDelegate.swift */,
				458DB86C26359EB700AE2AA2 /* ViewController.swift */,
				458DB89826359F8000AE2AA2 /* GeneratorViewController.swift */,
				458DB86E26359EB700AE2AA2 /* Main.storyboard */,
				458DB87126359EBA00AE2AA2 /* Assets.xcassets */,
				458DB87326359EBA00AE2AA2 /* LaunchScreen.storyboard */,
				458DB87626359EBA00AE2AA2 /* Info.plist */,
				457CF9B42647E3D7002AF540 /* GoogleService-Info.plist */,
			);
			path = SIS_preFinal1;
			sourceTree = "<group>";
		};
		88A67E60630B4F346F423D3D /* Pods */ = {
			isa = PBXGroup;
			children = (
				E17F1B934AB3034FA3CCA0F5 /* Pods-SIS.debug.xcconfig */,
				EF64AE05E6D48715BF9BBBCA /* Pods-SIS.release.xcconfig */,
			);
			path = Pods;
			sourceTree = "<group>";
		};
		DB4D9CCDB24B712D71DDE46C /* Frameworks */ = {
			isa = PBXGroup;
			children = (
				F74A00FB49168604E6C12FE9 /* Pods_SIS.framework */,
			);
			name = Frameworks;
			sourceTree = "<group>";
		};
/* End PBXGroup section */

/* Begin PBXNativeTarget section */
		458DB86426359EB700AE2AA2 /* SIS */ = {
			isa = PBXNativeTarget;
			buildConfigurationList = 458DB88F26359EBA00AE2AA2 /* Build configuration list for PBXNativeTarget "SIS" */;
			buildPhases = (
				5AFF23938383C27B92EDF09B /* [CP] Check Pods Manifest.lock */,
				458DB86126359EB700AE2AA2 /* Sources */,
				458DB86226359EB700AE2AA2 /* Frameworks */,
				458DB86326359EB700AE2AA2 /* Resources */,
				D1B29BC8C6DFFD7930FE744E /* [CP] Embed Pods Frameworks */,
				E47399F255F2F6D7CED2A9AF /* [CP] Copy Pods Resources */,
				457CF9B32647E092002AF540 /* Embed Frameworks */,
			);
			buildRules = (
			);
			dependencies = (
			);
			name = SIS;
			productName = SIS_preFinal1;
			productReference = 458DB86526359EB700AE2AA2 /* SIS.app */;
			productType = "com.apple.product-type.application";
		};
/* End PBXNativeTarget section */

/* Begin PBXProject section */
		458DB85D26359EB700AE2AA2 /* Project object */ = {
			isa = PBXProject;
			attributes = {
				LastSwiftUpdateCheck = 1250;
				LastUpgradeCheck = 1250;
				TargetAttributes = {
					458DB86426359EB700AE2AA2 = {
						CreatedOnToolsVersion = 12.5;
					};
				};
			};
			buildConfigurationList = 458DB86026359EB700AE2AA2 /* Build configuration list for PBXProject "SIS" */;
			compatibilityVersion = "Xcode 9.3";
			developmentRegion = en;
			hasScannedForEncodings = 0;
			knownRegions = (
				en,
				Base,
			);
			mainGroup = 458DB85C26359EB700AE2AA2;
			productRefGroup = 458DB86626359EB700AE2AA2 /* Products */;
			projectDirPath = "";
			projectRoot = "";
			targets = (
				458DB86426359EB700AE2AA2 /* SIS */,
			);
		};
/* End PBXProject section */

/* Begin PBXResourcesBuildPhase section */
		458DB86326359EB700AE2AA2 /* Resources */ = {
			isa = PBXResourcesBuildPhase;
			buildActionMask = 2147483647;
			files = (
				458DB87526359EBA00AE2AA2 /* LaunchScreen.storyboard in Resources */,
				457CF9B52647E3D7002AF540 /* GoogleService-Info.plist in Resources */,
				458DB87226359EBA00AE2AA2 /* Assets.xcassets in Resources */,
				458DB87026359EB700AE2AA2 /* Main.storyboard in Resources */,
			);
			runOnlyForDeploymentPostprocessing = 0;
		};
/* End PBXResourcesBuildPhase section */

/* Begin PBXShellScriptBuildPhase section */
		5AFF23938383C27B92EDF09B /* [CP] Check Pods Manifest.lock */ = {
			isa = PBXShellScriptBuildPhase;
			buildActionMask = 2147483647;
			files = (
			);
			inputFileListPaths = (
			);
			inputPaths = (
				"${PODS_PODFILE_DIR_PATH}/Podfile.lock",
				"${PODS_ROOT}/Manifest.lock",
			);
			name = "[CP] Check Pods Manifest.lock";
			outputFileListPaths = (
			);
			outputPaths = (
				"$(DERIVED_FILE_DIR)/Pods-SIS-checkManifestLockResult.txt",
			);
			runOnlyForDeploymentPostprocessing = 0;
			shellPath = /bin/sh;
			shellScript = "diff \"${PODS_PODFILE_DIR_PATH}/Podfile.lock\" \"${PODS_ROOT}/Manifest.lock\" > /dev/null\nif [ $? != 0 ] ; then\n    # print error to STDERR\n    echo \"error: The sandbox is not in sync with the Podfile.lock. Run 'pod install' or update your CocoaPods installation.\" >&2\n    exit 1\nfi\n# This output is used by Xcode 'outputs' to avoid re-running this script phase.\necho \"SUCCESS\" > \"${SCRIPT_OUTPUT_FILE_0}\"\n";
			showEnvVarsInLog = 0;
		};
		D1B29BC8C6DFFD7930FE744E /* [CP] Embed Pods Frameworks */ = {
			isa = PBXShellScriptBuildPhase;
			buildActionMask = 2147483647;
			files = (
			);
			inputFileListPaths = (
				"${PODS_ROOT}/Target Support Files/Pods-SIS/Pods-SIS-frameworks-${CONFIGURATION}-input-files.xcfilelist",
			);
			name = "[CP] Embed Pods Frameworks";
			outputFileListPaths = (
				"${PODS_ROOT}/Target Support Files/Pods-SIS/Pods-SIS-frameworks-${CONFIGURATION}-output-files.xcfilelist",
			);
			runOnlyForDeploymentPostprocessing = 0;
			shellPath = /bin/sh;
			shellScript = "\"${PODS_ROOT}/Target Support Files/Pods-SIS/Pods-SIS-frameworks.sh\"\n";
			showEnvVarsInLog = 0;
		};
		E47399F255F2F6D7CED2A9AF /* [CP] Copy Pods Resources */ = {
			isa = PBXShellScriptBuildPhase;
			buildActionMask = 2147483647;
			files = (
			);
			inputFileListPaths = (
				"${PODS_ROOT}/Target Support Files/Pods-SIS/Pods-SIS-resources-${CONFIGURATION}-input-files.xcfilelist",
			);
			name = "[CP] Copy Pods Resources";
			outputFileListPaths = (
				"${PODS_ROOT}/Target Support Files/Pods-SIS/Pods-SIS-resources-${CONFIGURATION}-output-files.xcfilelist",
			);
			runOnlyForDeploymentPostprocessing = 0;
			shellPath = /bin/sh;
			shellScript = "\"${PODS_ROOT}/Target Support Files/Pods-SIS/Pods-SIS-resources.sh\"\n";
			showEnvVarsInLog = 0;
		};
/* End PBXShellScriptBuildPhase section */

/* Begin PBXSourcesBuildPhase section */
		458DB86126359EB700AE2AA2 /* Sources */ = {
			isa = PBXSourcesBuildPhase;
			buildActionMask = 2147483647;
			files = (
				458DB86D26359EB700AE2AA2 /* ViewController.swift in Sources */,
				458DB86926359EB700AE2AA2 /* AppDelegate.swift in Sources */,
				458DB89926359F8000AE2AA2 /* GeneratorViewController.swift in Sources */,
				458DB86B26359EB700AE2AA2 /* SceneDelegate.swift in Sources */,
			);
			runOnlyForDeploymentPostprocessing = 0;
		};
/* End PBXSourcesBuildPhase section */

/* Begin PBXVariantGroup section */
		458DB86E26359EB700AE2AA2 /* Main.storyboard */ = {
			isa = PBXVariantGroup;
			children = (
				458DB86F26359EB700AE2AA2 /* Base */,
			);
			name = Main.storyboard;
			sourceTree = "<group>";
		};
		458DB87326359EBA00AE2AA2 /* LaunchScreen.storyboard */ = {
			isa = PBXVariantGroup;
			children = (
				458DB87426359EBA00AE2AA2 /* Base */,
			);
			name = LaunchScreen.storyboard;
			sourceTree = "<group>";
		};
/* End PBXVariantGroup section */

/* Begin XCBuildConfiguration section */
		458DB88D26359EBA00AE2AA2 /* Debug */ = {
			isa = XCBuildConfiguration;
			buildSettings = {
				ALWAYS_SEARCH_USER_PATHS = NO;
				CLANG_ANALYZER_NONNULL = YES;
				CLANG_ANALYZER_NUMBER_OBJECT_CONVERSION = YES_AGGRESSIVE;
				CLANG_CXX_LANGUAGE_STANDARD = "gnu++14";
				CLANG_CXX_LIBRARY = "libc++";
				CLANG_ENABLE_MODULES = YES;
				CLANG_ENABLE_OBJC_ARC = YES;
				CLANG_ENABLE_OBJC_WEAK = YES;
				CLANG_WARN_BLOCK_CAPTURE_AUTORELEASING = YES;
				CLANG_WARN_BOOL_CONVERSION = YES;
				CLANG_WARN_COMMA = YES;
				CLANG_WARN_CONSTANT_CONVERSION = YES;
				CLANG_WARN_DEPRECATED_OBJC_IMPLEMENTATIONS = YES;
				CLANG_WARN_DIRECT_OBJC_ISA_USAGE = YES_ERROR;
				CLANG_WARN_DOCUMENTATION_COMMENTS = YES;
				CLANG_WARN_EMPTY_BODY = YES;
				CLANG_WARN_ENUM_CONVERSION = YES;
				CLANG_WARN_INFINITE_RECURSION = YES;
				CLANG_WARN_INT_CONVERSION = YES;
				CLANG_WARN_NON_LITERAL_NULL_CONVERSION = YES;
				CLANG_WARN_OBJC_IMPLICIT_RETAIN_SELF = YES;
				CLANG_WARN_OBJC_LITERAL_CONVERSION = YES;
				CLANG_WARN_OBJC_ROOT_CLASS = YES_ERROR;
				CLANG_WARN_QUOTED_INCLUDE_IN_FRAMEWORK_HEADER = YES;
				CLANG_WARN_RANGE_LOOP_ANALYSIS = YES;
				CLANG_WARN_STRICT_PROTOTYPES = YES;
				CLANG_WARN_SUSPICIOUS_MOVE = YES;
				CLANG_WARN_UNGUARDED_AVAILABILITY = YES_AGGRESSIVE;
				CLANG_WARN_UNREACHABLE_CODE = YES;
				CLANG_WARN__DUPLICATE_METHOD_MATCH = YES;
				COPY_PHASE_STRIP = NO;
				DEBUG_INFORMATION_FORMAT = dwarf;
				ENABLE_STRICT_OBJC_MSGSEND = YES;
				ENABLE_TESTABILITY = YES;
				GCC_C_LANGUAGE_STANDARD = gnu11;
				GCC_DYNAMIC_NO_PIC = NO;
				GCC_NO_COMMON_BLOCKS = YES;
				GCC_OPTIMIZATION_LEVEL = 0;
				GCC_PREPROCESSOR_DEFINITIONS = (
					"DEBUG=1",
					"$(inherited)",
				);
				GCC_WARN_64_TO_32_BIT_CONVERSION = YES;
				GCC_WARN_ABOUT_RETURN_TYPE = YES_ERROR;
				GCC_WARN_UNDECLARED_SELECTOR = YES;
				GCC_WARN_UNINITIALIZED_AUTOS = YES_AGGRESSIVE;
				GCC_WARN_UNUSED_FUNCTION = YES;
				GCC_WARN_UNUSED_VARIABLE = YES;
				IPHONEOS_DEPLOYMENT_TARGET = 14.5;
				MTL_ENABLE_DEBUG_INFO = INCLUDE_SOURCE;
				MTL_FAST_MATH = YES;
				ONLY_ACTIVE_ARCH = YES;
				SDKROOT = iphoneos;
				SWIFT_ACTIVE_COMPILATION_CONDITIONS = DEBUG;
				SWIFT_OPTIMIZATION_LEVEL = "-Onone";
			};
			name = Debug;
		};
		458DB88E26359EBA00AE2AA2 /* Release */ = {
			isa = XCBuildConfiguration;
			buildSettings = {
				ALWAYS_SEARCH_USER_PATHS = NO;
				CLANG_ANALYZER_NONNULL = YES;
				CLANG_ANALYZER_NUMBER_OBJECT_CONVERSION = YES_AGGRESSIVE;
				CLANG_CXX_LANGUAGE_STANDARD = "gnu++14";
				CLANG_CXX_LIBRARY = "libc++";
				CLANG_ENABLE_MODULES = YES;
				CLANG_ENABLE_OBJC_ARC = YES;
				CLANG_ENABLE_OBJC_WEAK = YES;
				CLANG_WARN_BLOCK_CAPTURE_AUTORELEASING = YES;
				CLANG_WARN_BOOL_CONVERSION = YES;
				CLANG_WARN_COMMA = YES;
				CLANG_WARN_CONSTANT_CONVERSION = YES;
				CLANG_WARN_DEPRECATED_OBJC_IMPLEMENTATIONS = YES;
				CLANG_WARN_DIRECT_OBJC_ISA_USAGE = YES_ERROR;
				CLANG_WARN_DOCUMENTATION_COMMENTS = YES;
				CLANG_WARN_EMPTY_BODY = YES;
				CLANG_WARN_ENUM_CONVERSION = YES;
				CLANG_WARN_INFINITE_RECURSION = YES;
				CLANG_WARN_INT_CONVERSION = YES;
				CLANG_WARN_NON_LITERAL_NULL_CONVERSION = YES;
				CLANG_WARN_OBJC_IMPLICIT_RETAIN_SELF = YES;
				CLANG_WARN_OBJC_LITERAL_CONVERSION = YES;
				CLANG_WARN_OBJC_ROOT_CLASS = YES_ERROR;
				CLANG_WARN_QUOTED_INCLUDE_IN_FRAMEWORK_HEADER = YES;
				CLANG_WARN_RANGE_LOOP_ANALYSIS = YES;
				CLANG_WARN_STRICT_PROTOTYPES = YES;
				CLANG_WARN_SUSPICIOUS_MOVE = YES;
				CLANG_WARN_UNGUARDED_AVAILABILITY = YES_AGGRESSIVE;
				CLANG_WARN_UNREACHABLE_CODE = YES;
				CLANG_WARN__DUPLICATE_METHOD_MATCH = YES;
				COPY_PHASE_STRIP = NO;
				DEBUG_INFORMATION_FORMAT = "dwarf-with-dsym";
				ENABLE_NS_ASSERTIONS = NO;
				ENABLE_STRICT_OBJC_MSGSEND = YES;
				GCC_C_LANGUAGE_STANDARD = gnu11;
				GCC_NO_COMMON_BLOCKS = YES;
				GCC_WARN_64_TO_32_BIT_CONVERSION = YES;
				GCC_WARN_ABOUT_RETURN_TYPE = YES_ERROR;
				GCC_WARN_UNDECLARED_SELECTOR = YES;
				GCC_WARN_UNINITIALIZED_AUTOS = YES_AGGRESSIVE;
				GCC_WARN_UNUSED_FUNCTION = YES;
				GCC_WARN_UNUSED_VARIABLE = YES;
				IPHONEOS_DEPLOYMENT_TARGET = 14.5;
				MTL_ENABLE_DEBUG_INFO = NO;
				MTL_FAST_MATH = YES;
				SDKROOT = iphoneos;
				SWIFT_COMPILATION_MODE = wholemodule;
				SWIFT_OPTIMIZATION_LEVEL = "-O";
				VALIDATE_PRODUCT = YES;
			};
			name = Release;
		};
		458DB89026359EBA00AE2AA2 /* Debug */ = {
			isa = XCBuildConfiguration;
			baseConfigurationReference = E17F1B934AB3034FA3CCA0F5 /* Pods-SIS.debug.xcconfig */;
			buildSettings = {
				ASSETCATALOG_COMPILER_APPICON_NAME = AppIcon;
				ASSETCATALOG_COMPILER_GLOBAL_ACCENT_COLOR_NAME = AccentColor;
				CODE_SIGN_STYLE = Automatic;
				DEVELOPMENT_TEAM = 87V3R938U4;
				INFOPLIST_FILE = SIS_preFinal1/Info.plist;
				LD_RUNPATH_SEARCH_PATHS = (
					"$(inherited)",
					"@executable_path/Frameworks",
				);
				MARKETING_VERSION = 1.1;
				PRODUCT_BUNDLE_IDENTIFIER = SFEDU;
				PRODUCT_NAME = "$(TARGET_NAME)";
				SWIFT_VERSION = 5.0;
				TARGETED_DEVICE_FAMILY = 1;
			};
			name = Debug;
		};
		458DB89126359EBA00AE2AA2 /* Release */ = {
			isa = XCBuildConfiguration;
			baseConfigurationReference = EF64AE05E6D48715BF9BBBCA /* Pods-SIS.release.xcconfig */;
			buildSettings = {
				ASSETCATALOG_COMPILER_APPICON_NAME = AppIcon;
				ASSETCATALOG_COMPILER_GLOBAL_ACCENT_COLOR_NAME = AccentColor;
				CODE_SIGN_STYLE = Automatic;
				DEVELOPMENT_TEAM = 87V3R938U4;
				INFOPLIST_FILE = SIS_preFinal1/Info.plist;
				LD_RUNPATH_SEARCH_PATHS = (
					"$(inherited)",
					"@executable_path/Frameworks",
				);
				MARKETING_VERSION = 1.1;
				PRODUCT_BUNDLE_IDENTIFIER = SFEDU;
				PRODUCT_NAME = "$(TARGET_NAME)";
				SWIFT_VERSION = 5.0;
				TARGETED_DEVICE_FAMILY = 1;
			};
			name = Release;
		};
/* End XCBuildConfiguration section */

/* Begin XCConfigurationList section */
		458DB86026359EB700AE2AA2 /* Build configuration list for PBXProject "SIS" */ = {
			isa = XCConfigurationList;
			buildConfigurations = (
				458DB88D26359EBA00AE2AA2 /* Debug */,
				458DB88E26359EBA00AE2AA2 /* Release */,
			);
			defaultConfigurationIsVisible = 0;
			defaultConfigurationName = Release;
		};
		458DB88F26359EBA00AE2AA2 /* Build configuration list for PBXNativeTarget "SIS" */ = {
			isa = XCConfigurationList;
			buildConfigurations = (
				458DB89026359EBA00AE2AA2 /* Debug */,
				458DB89126359EBA00AE2AA2 /* Release */,
			);
			defaultConfigurationIsVisible = 0;
			defaultConfigurationName = Release;
		};
/* End XCConfigurationList section */
	};
	rootObject = 458DB85D26359EB700AE2AA2 /* Project object */;
}
